
Microsoft Visual Studio Solution File, Format Version 12.00
# Visual Studio Version 17
VisualStudioVersion = 17.14.36414.22 d17.14
MinimumVisualStudioVersion = 10.0.40219.1
Project("{FAE04EC0-301F-11D3-BF4B-00C04F79EFBC}") = "MidtermExam", "MidtermExam\MidtermExam.csproj", "{8E24CFB0-59D5-436B-93A3-68FFF88DEFC2}"
EndProject
Project("{FAE04EC0-301F-11D3-BF4B-00C04F79EFBC}") = "StudentLibrary", "StudentLibrary\StudentLibrary.csproj", "{0CAD0A04-27CE-4259-8463-C8F381FF7D52}"
EndProject
Global
	GlobalSection(SolutionConfigurationPlatforms) = preSolution
		Debug|Any CPU = Debug|Any CPU
		Release|Any CPU = Release|Any CPU
	EndGlobalSection
	GlobalSection(ProjectConfigurationPlatforms) = postSolution
		{8E24CFB0-59D5-436B-93A3-68FFF88DEFC2}.Debug|Any CPU.ActiveCfg = Debug|Any CPU
		{8E24CFB0-59D5-436B-93A3-68FFF88DEFC2}.Debug|Any CPU.Build.0 = Debug|Any CPU
		{8E24CFB0-59D5-436B-93A3-68FFF88DEFC2}.Release|Any CPU.ActiveCfg = Release|Any CPU
		{8E24CFB0-59D5-436B-93A3-68FFF88DEFC2}.Release|Any CPU.Build.0 = Release|Any CPU
		{0CAD0A04-27CE-4259-8463-C8F381FF7D52}.Debug|Any CPU.ActiveCfg = Debug|Any CPU
		{0CAD0A04-27CE-4259-8463-C8F381FF7D52}.Debug|Any CPU.Build.0 = Debug|Any CPU
		{0CAD0A04-27CE-4259-8463-C8F381FF7D52}.Release|Any CPU.ActiveCfg = Release|Any CPU
		{0CAD0A04-27CE-4259-8463-C8F381FF7D52}.Release|Any CPU.Build.0 = Release|Any CPU
	EndGlobalSection
	GlobalSection(SolutionProperties) = preSolution
		HideSolutionNode = FALSE
	EndGlobalSection
	GlobalSection(ExtensibilityGlobals) = postSolution
		SolutionGuid = {6DEDA238-CB52-4A06-A4A9-E5CF95806873}
	EndGlobalSection
EndGlobal
